
Microsoft Visual Studio Solution File, Format Version 12.00
# Visual Studio Version 16
VisualStudioVersion = 16.0.31728.76
MinimumVisualStudioVersion = 10.0.40219.1
Project("{9A19103F-16F7-4668-BE54-9A1E7A4F7556}") = "CurrencyApp", "CurrencyApp.csproj", "{BB0737FA-4048-4BB2-B193-899FCF25C637}"
EndProject
Project("{FAE04EC0-301F-11D3-BF4B-00C04F79EFBC}") = "CurrencyApp.Tests", "..\CurrencyApp.Tests\CurrencyApp.Tests.csproj", "{DA1DFD97-E6DD-4B7C-936C-97AB826728B3}"
EndProject
Global
	GlobalSection(SolutionConfigurationPlatforms) = preSolution
		Debug|Any CPU = Debug|Any CPU
		Release|Any CPU = Release|Any CPU
	EndGlobalSection
	GlobalSection(ProjectConfigurationPlatforms) = postSolution
		{BB0737FA-4048-4BB2-B193-899FCF25C637}.Debug|Any CPU.ActiveCfg = Debug|Any CPU
		{BB0737FA-4048-4BB2-B193-899FCF25C637}.Debug|Any CPU.Build.0 = Debug|Any CPU
		{BB0737FA-4048-4BB2-B193-899FCF25C637}.Release|Any CPU.ActiveCfg = Release|Any CPU
		{BB0737FA-4048-4BB2-B193-899FCF25C637}.Release|Any CPU.Build.0 = Release|Any CPU
		{DA1DFD97-E6DD-4B7C-936C-97AB826728B3}.Debug|Any CPU.ActiveCfg = Debug|Any CPU
		{DA1DFD97-E6DD-4B7C-936C-97AB826728B3}.Debug|Any CPU.Build.0 = Debug|Any CPU
		{DA1DFD97-E6DD-4B7C-936C-97AB826728B3}.Release|Any CPU.ActiveCfg = Release|Any CPU
		{DA1DFD97-E6DD-4B7C-936C-97AB826728B3}.Release|Any CPU.Build.0 = Release|Any CPU
	EndGlobalSection
	GlobalSection(SolutionProperties) = preSolution
		HideSolutionNode = FALSE
	EndGlobalSection
	GlobalSection(ExtensibilityGlobals) = postSolution
		SolutionGuid = {98288591-77D8-4A30-B61C-F2DAC40A51F6}
	EndGlobalSection
EndGlobal
